// !$*UTF8*$!
{
	archiveVersion = 1;
	classes = {
	};
	objectVersion = 56;
	objects = {

/* Begin PBXBuildFile section */
		326212FA2B9214F300182B75 /* AppDelegate.swift in Sources */ = {isa = PBXBuildFile; fileRef = 326212F92B9214F300182B75 /* AppDelegate.swift */; };
		326212FC2B9214F300182B75 /* SceneDelegate.swift in Sources */ = {isa = PBXBuildFile; fileRef = 326212FB2B9214F300182B75 /* SceneDelegate.swift */; };
		326212FE2B9214F300182B75 /* MovieSearchViewController.swift in Sources */ = {isa = PBXBuildFile; fileRef = 326212FD2B9214F300182B75 /* MovieSearchViewController.swift */; };
		326213032B9214F700182B75 /* Assets.xcassets in Resources */ = {isa = PBXBuildFile; fileRef = 326213022B9214F700182B75 /* Assets.xcassets */; };
		326213062B9214F700182B75 /* LaunchScreen.storyboard in Resources */ = {isa = PBXBuildFile; fileRef = 326213042B9214F700182B75 /* LaunchScreen.storyboard */; };
		326213182B92228500182B75 /* MovieView.swift in Sources */ = {isa = PBXBuildFile; fileRef = 326213172B92228500182B75 /* MovieView.swift */; };
		3262131A2B92251500182B75 /* Autolayout+propertyWrapper.swift in Sources */ = {isa = PBXBuildFile; fileRef = 326213192B92251500182B75 /* Autolayout+propertyWrapper.swift */; };
		3262131D2B9229EA00182B75 /* Constants.swift in Sources */ = {isa = PBXBuildFile; fileRef = 3262131C2B9229EA00182B75 /* Constants.swift */; };
		3262131F2B922F2400182B75 /* MovieService.swift in Sources */ = {isa = PBXBuildFile; fileRef = 3262131E2B922F2400182B75 /* MovieService.swift */; };
		326213212B92363A00182B75 /* Movie.swift in Sources */ = {isa = PBXBuildFile; fileRef = 326213202B92363A00182B75 /* Movie.swift */; };
		326213242B924BA900182B75 /* MovieCell.swift in Sources */ = {isa = PBXBuildFile; fileRef = 326213232B924BA900182B75 /* MovieCell.swift */; };
		326213262B924F4F00182B75 /* MovieCellViewModel.swift in Sources */ = {isa = PBXBuildFile; fileRef = 326213252B924F4F00182B75 /* MovieCellViewModel.swift */; };
		326213282B92523A00182B75 /* MovieSearchViewModel.swift in Sources */ = {isa = PBXBuildFile; fileRef = 326213272B92523A00182B75 /* MovieSearchViewModel.swift */; };
/* End PBXBuildFile section */

/* Begin PBXFileReference section */
		326212F62B9214F300182B75 /* ITunesMovies.app */ = {isa = PBXFileReference; explicitFileType = wrapper.application; includeInIndex = 0; path = ITunesMovies.app; sourceTree = BUILT_PRODUCTS_DIR; };
		326212F92B9214F300182B75 /* AppDelegate.swift */ = {isa = PBXFileReference; lastKnownFileType = sourcecode.swift; path = AppDelegate.swift; sourceTree = "<group>"; };
		326212FB2B9214F300182B75 /* SceneDelegate.swift */ = {isa = PBXFileReference; lastKnownFileType = sourcecode.swift; path = SceneDelegate.swift; sourceTree = "<group>"; };
		326212FD2B9214F300182B75 /* MovieSearchViewController.swift */ = {isa = PBXFileReference; lastKnownFileType = sourcecode.swift; path = MovieSearchViewController.swift; sourceTree = "<group>"; };
		326213022B9214F700182B75 /* Assets.xcassets */ = {isa = PBXFileReference; lastKnownFileType = folder.assetcatalog; path = Assets.xcassets; sourceTree = "<group>"; };
		326213052B9214F700182B75 /* Base */ = {isa = PBXFileReference; lastKnownFileType = file.storyboard; name = Base; path = Base.lproj/LaunchScreen.storyboard; sourceTree = "<group>"; };
		326213072B9214F700182B75 /* Info.plist */ = {isa = PBXFileReference; lastKnownFileType = text.plist.xml; path = Info.plist; sourceTree = "<group>"; };
		326213172B92228500182B75 /* MovieView.swift */ = {isa = PBXFileReference; lastKnownFileType = sourcecode.swift; path = MovieView.swift; sourceTree = "<group>"; };
		326213192B92251500182B75 /* Autolayout+propertyWrapper.swift */ = {isa = PBXFileReference; lastKnownFileType = sourcecode.swift; path = "Autolayout+propertyWrapper.swift"; sourceTree = "<group>"; };
		3262131C2B9229EA00182B75 /* Constants.swift */ = {isa = PBXFileReference; lastKnownFileType = sourcecode.swift; path = Constants.swift; sourceTree = "<group>"; };
		3262131E2B922F2400182B75 /* MovieService.swift */ = {isa = PBXFileReference; lastKnownFileType = sourcecode.swift; path = MovieService.swift; sourceTree = "<group>"; };
		326213202B92363A00182B75 /* Movie.swift */ = {isa = PBXFileReference; lastKnownFileType = sourcecode.swift; path = Movie.swift; sourceTree = "<group>"; };
		326213232B924BA900182B75 /* MovieCell.swift */ = {isa = PBXFileReference; lastKnownFileType = sourcecode.swift; path = MovieCell.swift; sourceTree = "<group>"; };
		326213252B924F4F00182B75 /* MovieCellViewModel.swift */ = {isa = PBXFileReference; lastKnownFileType = sourcecode.swift; path = MovieCellViewModel.swift; sourceTree = "<group>"; };
		326213272B92523A00182B75 /* MovieSearchViewModel.swift */ = {isa = PBXFileReference; lastKnownFileType = sourcecode.swift; path = MovieSearchViewModel.swift; sourceTree = "<group>"; };
/* End PBXFileReference section */

/* Begin PBXFrameworksBuildPhase section */
		326212F32B9214F300182B75 /* Frameworks */ = {
			isa = PBXFrameworksBuildPhase;
			buildActionMask = 2147483647;
			files = (
			);
			runOnlyForDeploymentPostprocessing = 0;
		};
/* End PBXFrameworksBuildPhase section */

/* Begin PBXGroup section */
		326212ED2B9214F300182B75 = {
			isa = PBXGroup;
			children = (
				326212F82B9214F300182B75 /* ITunesMovies */,
				326212F72B9214F300182B75 /* Products */,
			);
			sourceTree = "<group>";
		};
		326212F72B9214F300182B75 /* Products */ = {
			isa = PBXGroup;
			children = (
				326212F62B9214F300182B75 /* ITunesMovies.app */,
			);
			name = Products;
			sourceTree = "<group>";
		};
		326212F82B9214F300182B75 /* ITunesMovies */ = {
			isa = PBXGroup;
			children = (
				3262130D2B92173200182B75 /* App */,
				326213112B92193B00182B75 /* Models */,
				326213162B921A4100182B75 /* ViewModels */,
				326213122B92195100182B75 /* Views */,
				3262130E2B92173C00182B75 /* Controllers */,
				326213222B924B9300182B75 /* Cells */,
				326213132B92195800182B75 /* Services */,
				326213142B92196000182B75 /* Extensions */,
				326213152B92196B00182B75 /* Constants */,
				326213102B92176800182B75 /* Resources */,
			);
			path = ITunesMovies;
			sourceTree = "<group>";
		};
		3262130D2B92173200182B75 /* App */ = {
			isa = PBXGroup;
			children = (
				326212F92B9214F300182B75 /* AppDelegate.swift */,
				326212FB2B9214F300182B75 /* SceneDelegate.swift */,
			);
			path = App;
			sourceTree = "<group>";
		};
		3262130E2B92173C00182B75 /* Controllers */ = {
			isa = PBXGroup;
			children = (
				326212FD2B9214F300182B75 /* MovieSearchViewController.swift */,
			);
			path = Controllers;
			sourceTree = "<group>";
		};
		326213102B92176800182B75 /* Resources */ = {
			isa = PBXGroup;
			children = (
				326213022B9214F700182B75 /* Assets.xcassets */,
				326213042B9214F700182B75 /* LaunchScreen.storyboard */,
				326213072B9214F700182B75 /* Info.plist */,
			);
			path = Resources;
			sourceTree = "<group>";
		};
		326213112B92193B00182B75 /* Models */ = {
			isa = PBXGroup;
			children = (
				326213202B92363A00182B75 /* Movie.swift */,
			);
			path = Models;
			sourceTree = "<group>";
		};
		326213122B92195100182B75 /* Views */ = {
			isa = PBXGroup;
			children = (
				326213172B92228500182B75 /* MovieView.swift */,
			);
			path = Views;
			sourceTree = "<group>";
		};
		326213132B92195800182B75 /* Services */ = {
			isa = PBXGroup;
			children = (
				3262131E2B922F2400182B75 /* MovieService.swift */,
			);
			path = Services;
			sourceTree = "<group>";
		};
		326213142B92196000182B75 /* Extensions */ = {
			isa = PBXGroup;
			children = (
				326213192B92251500182B75 /* Autolayout+propertyWrapper.swift */,
			);
			path = Extensions;
			sourceTree = "<group>";
		};
		326213152B92196B00182B75 /* Constants */ = {
			isa = PBXGroup;
			children = (
				3262131C2B9229EA00182B75 /* Constants.swift */,
			);
			path = Constants;
			sourceTree = "<group>";
		};
		326213162B921A4100182B75 /* ViewModels */ = {
			isa = PBXGroup;
			children = (
				326213252B924F4F00182B75 /* MovieCellViewModel.swift */,
				326213272B92523A00182B75 /* MovieSearchViewModel.swift */,
			);
			path = ViewModels;
			sourceTree = "<group>";
		};
		326213222B924B9300182B75 /* Cells */ = {
			isa = PBXGroup;
			children = (
				326213232B924BA900182B75 /* MovieCell.swift */,
			);
			path = Cells;
			sourceTree = "<group>";
		};
/* End PBXGroup section */

/* Begin PBXNativeTarget section */
		326212F52B9214F300182B75 /* ITunesMovies */ = {
			isa = PBXNativeTarget;
			buildConfigurationList = 3262130A2B9214F700182B75 /* Build configuration list for PBXNativeTarget "ITunesMovies" */;
			buildPhases = (
				326212F22B9214F300182B75 /* Sources */,
				326212F32B9214F300182B75 /* Frameworks */,
				326212F42B9214F300182B75 /* Resources */,
			);
			buildRules = (
			);
			dependencies = (
			);
			name = ITunesMovies;
			productName = ITunesMovies;
			productReference = 326212F62B9214F300182B75 /* ITunesMovies.app */;
			productType = "com.apple.product-type.application";
		};
/* End PBXNativeTarget section */

/* Begin PBXProject section */
		326212EE2B9214F300182B75 /* Project object */ = {
			isa = PBXProject;
			attributes = {
				BuildIndependentTargetsInParallel = 1;
				LastSwiftUpdateCheck = 1420;
				LastUpgradeCheck = 1420;
				TargetAttributes = {
					326212F52B9214F300182B75 = {
						CreatedOnToolsVersion = 14.2;
					};
				};
			};
			buildConfigurationList = 326212F12B9214F300182B75 /* Build configuration list for PBXProject "ITunesMovies" */;
			compatibilityVersion = "Xcode 14.0";
			developmentRegion = en;
			hasScannedForEncodings = 0;
			knownRegions = (
				en,
				Base,
			);
			mainGroup = 326212ED2B9214F300182B75;
			productRefGroup = 326212F72B9214F300182B75 /* Products */;
			projectDirPath = "";
			projectRoot = "";
			targets = (
				326212F52B9214F300182B75 /* ITunesMovies */,
			);
		};
/* End PBXProject section */

/* Begin PBXResourcesBuildPhase section */
		326212F42B9214F300182B75 /* Resources */ = {
			isa = PBXResourcesBuildPhase;
			buildActionMask = 2147483647;
			files = (
				326213062B9214F700182B75 /* LaunchScreen.storyboard in Resources */,
				326213032B9214F700182B75 /* Assets.xcassets in Resources */,
			);
			runOnlyForDeploymentPostprocessing = 0;
		};
/* End PBXResourcesBuildPhase section */

/* Begin PBXSourcesBuildPhase section */
		326212F22B9214F300182B75 /* Sources */ = {
			isa = PBXSourcesBuildPhase;
			buildActionMask = 2147483647;
			files = (
				326212FE2B9214F300182B75 /* MovieSearchViewController.swift in Sources */,
				326213182B92228500182B75 /* MovieView.swift in Sources */,
				326213282B92523A00182B75 /* MovieSearchViewModel.swift in Sources */,
				326213242B924BA900182B75 /* MovieCell.swift in Sources */,
				326213262B924F4F00182B75 /* MovieCellViewModel.swift in Sources */,
				3262131A2B92251500182B75 /* Autolayout+propertyWrapper.swift in Sources */,
				326212FA2B9214F300182B75 /* AppDelegate.swift in Sources */,
				326212FC2B9214F300182B75 /* SceneDelegate.swift in Sources */,
				3262131D2B9229EA00182B75 /* Constants.swift in Sources */,
				326213212B92363A00182B75 /* Movie.swift in Sources */,
				3262131F2B922F2400182B75 /* MovieService.swift in Sources */,
			);
			runOnlyForDeploymentPostprocessing = 0;
		};
/* End PBXSourcesBuildPhase section */

/* Begin PBXVariantGroup section */
		326213042B9214F700182B75 /* LaunchScreen.storyboard */ = {
			isa = PBXVariantGroup;
			children = (
				326213052B9214F700182B75 /* Base */,
			);
			name = LaunchScreen.storyboard;
			sourceTree = "<group>";
		};
/* End PBXVariantGroup section */

/* Begin XCBuildConfiguration section */
		326213082B9214F700182B75 /* Debug */ = {
			isa = XCBuildConfiguration;
			buildSettings = {
				ALWAYS_SEARCH_USER_PATHS = NO;
				CLANG_ANALYZER_NONNULL = YES;
				CLANG_ANALYZER_NUMBER_OBJECT_CONVERSION = YES_AGGRESSIVE;
				CLANG_CXX_LANGUAGE_STANDARD = "gnu++20";
				CLANG_ENABLE_MODULES = YES;
				CLANG_ENABLE_OBJC_ARC = YES;
				CLANG_ENABLE_OBJC_WEAK = YES;
				CLANG_WARN_BLOCK_CAPTURE_AUTORELEASING = YES;
				CLANG_WARN_BOOL_CONVERSION = YES;
				CLANG_WARN_COMMA = YES;
				CLANG_WARN_CONSTANT_CONVERSION = YES;
				CLANG_WARN_DEPRECATED_OBJC_IMPLEMENTATIONS = YES;
				CLANG_WARN_DIRECT_OBJC_ISA_USAGE = YES_ERROR;
				CLANG_WARN_DOCUMENTATION_COMMENTS = YES;
				CLANG_WARN_EMPTY_BODY = YES;
				CLANG_WARN_ENUM_CONVERSION = YES;
				CLANG_WARN_INFINITE_RECURSION = YES;
				CLANG_WARN_INT_CONVERSION = YES;
				CLANG_WARN_NON_LITERAL_NULL_CONVERSION = YES;
				CLANG_WARN_OBJC_IMPLICIT_RETAIN_SELF = YES;
				CLANG_WARN_OBJC_LITERAL_CONVERSION = YES;
				CLANG_WARN_OBJC_ROOT_CLASS = YES_ERROR;
				CLANG_WARN_QUOTED_INCLUDE_IN_FRAMEWORK_HEADER = YES;
				CLANG_WARN_RANGE_LOOP_ANALYSIS = YES;
				CLANG_WARN_STRICT_PROTOTYPES = YES;
				CLANG_WARN_SUSPICIOUS_MOVE = YES;
				CLANG_WARN_UNGUARDED_AVAILABILITY = YES_AGGRESSIVE;
				CLANG_WARN_UNREACHABLE_CODE = YES;
				CLANG_WARN__DUPLICATE_METHOD_MATCH = YES;
				COPY_PHASE_STRIP = NO;
				DEBUG_INFORMATION_FORMAT = dwarf;
				ENABLE_STRICT_OBJC_MSGSEND = YES;
				ENABLE_TESTABILITY = YES;
				GCC_C_LANGUAGE_STANDARD = gnu11;
				GCC_DYNAMIC_NO_PIC = NO;
				GCC_NO_COMMON_BLOCKS = YES;
				GCC_OPTIMIZATION_LEVEL = 0;
				GCC_PREPROCESSOR_DEFINITIONS = (
					"DEBUG=1",
					"$(inherited)",
				);
				GCC_WARN_64_TO_32_BIT_CONVERSION = YES;
				GCC_WARN_ABOUT_RETURN_TYPE = YES_ERROR;
				GCC_WARN_UNDECLARED_SELECTOR = YES;
				GCC_WARN_UNINITIALIZED_AUTOS = YES_AGGRESSIVE;
				GCC_WARN_UNUSED_FUNCTION = YES;
				GCC_WARN_UNUSED_VARIABLE = YES;
				IPHONEOS_DEPLOYMENT_TARGET = 16.0;
				MTL_ENABLE_DEBUG_INFO = INCLUDE_SOURCE;
				MTL_FAST_MATH = YES;
				ONLY_ACTIVE_ARCH = YES;
				SDKROOT = iphoneos;
				SWIFT_ACTIVE_COMPILATION_CONDITIONS = DEBUG;
				SWIFT_OPTIMIZATION_LEVEL = "-Onone";
			};
			name = Debug;
		};
		326213092B9214F700182B75 /* Release */ = {
			isa = XCBuildConfiguration;
			buildSettings = {
				ALWAYS_SEARCH_USER_PATHS = NO;
				CLANG_ANALYZER_NONNULL = YES;
				CLANG_ANALYZER_NUMBER_OBJECT_CONVERSION = YES_AGGRESSIVE;
				CLANG_CXX_LANGUAGE_STANDARD = "gnu++20";
				CLANG_ENABLE_MODULES = YES;
				CLANG_ENABLE_OBJC_ARC = YES;
				CLANG_ENABLE_OBJC_WEAK = YES;
				CLANG_WARN_BLOCK_CAPTURE_AUTORELEASING = YES;
				CLANG_WARN_BOOL_CONVERSION = YES;
				CLANG_WARN_COMMA = YES;
				CLANG_WARN_CONSTANT_CONVERSION = YES;
				CLANG_WARN_DEPRECATED_OBJC_IMPLEMENTATIONS = YES;
				CLANG_WARN_DIRECT_OBJC_ISA_USAGE = YES_ERROR;
				CLANG_WARN_DOCUMENTATION_COMMENTS = YES;
				CLANG_WARN_EMPTY_BODY = YES;
				CLANG_WARN_ENUM_CONVERSION = YES;
				CLANG_WARN_INFINITE_RECURSION = YES;
				CLANG_WARN_INT_CONVERSION = YES;
				CLANG_WARN_NON_LITERAL_NULL_CONVERSION = YES;
				CLANG_WARN_OBJC_IMPLICIT_RETAIN_SELF = YES;
				CLANG_WARN_OBJC_LITERAL_CONVERSION = YES;
				CLANG_WARN_OBJC_ROOT_CLASS = YES_ERROR;
				CLANG_WARN_QUOTED_INCLUDE_IN_FRAMEWORK_HEADER = YES;
				CLANG_WARN_RANGE_LOOP_ANALYSIS = YES;
				CLANG_WARN_STRICT_PROTOTYPES = YES;
				CLANG_WARN_SUSPICIOUS_MOVE = YES;
				CLANG_WARN_UNGUARDED_AVAILABILITY = YES_AGGRESSIVE;
				CLANG_WARN_UNREACHABLE_CODE = YES;
				CLANG_WARN__DUPLICATE_METHOD_MATCH = YES;
				COPY_PHASE_STRIP = NO;
				DEBUG_INFORMATION_FORMAT = "dwarf-with-dsym";
				ENABLE_NS_ASSERTIONS = NO;
				ENABLE_STRICT_OBJC_MSGSEND = YES;
				GCC_C_LANGUAGE_STANDARD = gnu11;
				GCC_NO_COMMON_BLOCKS = YES;
				GCC_WARN_64_TO_32_BIT_CONVERSION = YES;
				GCC_WARN_ABOUT_RETURN_TYPE = YES_ERROR;
				GCC_WARN_UNDECLARED_SELECTOR = YES;
				GCC_WARN_UNINITIALIZED_AUTOS = YES_AGGRESSIVE;
				GCC_WARN_UNUSED_FUNCTION = YES;
				GCC_WARN_UNUSED_VARIABLE = YES;
				IPHONEOS_DEPLOYMENT_TARGET = 16.0;
				MTL_ENABLE_DEBUG_INFO = NO;
				MTL_FAST_MATH = YES;
				SDKROOT = iphoneos;
				SWIFT_COMPILATION_MODE = wholemodule;
				SWIFT_OPTIMIZATION_LEVEL = "-O";
				VALIDATE_PRODUCT = YES;
			};
			name = Release;
		};
		3262130B2B9214F700182B75 /* Debug */ = {
			isa = XCBuildConfiguration;
			buildSettings = {
				ASSETCATALOG_COMPILER_APPICON_NAME = AppIcon;
				ASSETCATALOG_COMPILER_GLOBAL_ACCENT_COLOR_NAME = AccentColor;
				CODE_SIGN_STYLE = Automatic;
				CURRENT_PROJECT_VERSION = 1;
				DEVELOPMENT_TEAM = 4A3Z74ZVFC;
				GENERATE_INFOPLIST_FILE = YES;
				INFOPLIST_FILE = ITunesMovies/Resources/Info.plist;
				INFOPLIST_KEY_UIApplicationSupportsIndirectInputEvents = YES;
				INFOPLIST_KEY_UILaunchStoryboardName = LaunchScreen;
				INFOPLIST_KEY_UISupportedInterfaceOrientations_iPad = "UIInterfaceOrientationPortrait UIInterfaceOrientationPortraitUpsideDown UIInterfaceOrientationLandscapeLeft UIInterfaceOrientationLandscapeRight";
				INFOPLIST_KEY_UISupportedInterfaceOrientations_iPhone = "UIInterfaceOrientationPortrait UIInterfaceOrientationLandscapeLeft UIInterfaceOrientationLandscapeRight";
				LD_RUNPATH_SEARCH_PATHS = (
					"$(inherited)",
					"@executable_path/Frameworks",
				);
				MARKETING_VERSION = 1.0;
				PRODUCT_BUNDLE_IDENTIFIER = exersice.com.ITunesMovies;
				PRODUCT_NAME = "$(TARGET_NAME)";
				SWIFT_EMIT_LOC_STRINGS = YES;
				SWIFT_VERSION = 5.0;
				TARGETED_DEVICE_FAMILY = "1,2";
			};
			name = Debug;
		};
		3262130C2B9214F700182B75 /* Release */ = {
			isa = XCBuildConfiguration;
			buildSettings = {
				ASSETCATALOG_COMPILER_APPICON_NAME = AppIcon;
				ASSETCATALOG_COMPILER_GLOBAL_ACCENT_COLOR_NAME = AccentColor;
				CODE_SIGN_STYLE = Automatic;
				CURRENT_PROJECT_VERSION = 1;
				DEVELOPMENT_TEAM = 4A3Z74ZVFC;
				GENERATE_INFOPLIST_FILE = YES;
				INFOPLIST_FILE = ITunesMovies/Resources/Info.plist;
				INFOPLIST_KEY_UIApplicationSupportsIndirectInputEvents = YES;
				INFOPLIST_KEY_UILaunchStoryboardName = LaunchScreen;
				INFOPLIST_KEY_UISupportedInterfaceOrientations_iPad = "UIInterfaceOrientationPortrait UIInterfaceOrientationPortraitUpsideDown UIInterfaceOrientationLandscapeLeft UIInterfaceOrientationLandscapeRight";
				INFOPLIST_KEY_UISupportedInterfaceOrientations_iPhone = "UIInterfaceOrientationPortrait UIInterfaceOrientationLandscapeLeft UIInterfaceOrientationLandscapeRight";
				LD_RUNPATH_SEARCH_PATHS = (
					"$(inherited)",
					"@executable_path/Frameworks",
				);
				MARKETING_VERSION = 1.0;
				PRODUCT_BUNDLE_IDENTIFIER = exersice.com.ITunesMovies;
				PRODUCT_NAME = "$(TARGET_NAME)";
				SWIFT_EMIT_LOC_STRINGS = YES;
				SWIFT_VERSION = 5.0;
				TARGETED_DEVICE_FAMILY = "1,2";
			};
			name = Release;
		};
/* End XCBuildConfiguration section */

/* Begin XCConfigurationList section */
		326212F12B9214F300182B75 /* Build configuration list for PBXProject "ITunesMovies" */ = {
			isa = XCConfigurationList;
			buildConfigurations = (
				326213082B9214F700182B75 /* Debug */,
				326213092B9214F700182B75 /* Release */,
			);
			defaultConfigurationIsVisible = 0;
			defaultConfigurationName = Release;
		};
		3262130A2B9214F700182B75 /* Build configuration list for PBXNativeTarget "ITunesMovies" */ = {
			isa = XCConfigurationList;
			buildConfigurations = (
				3262130B2B9214F700182B75 /* Debug */,
				3262130C2B9214F700182B75 /* Release */,
			);
			defaultConfigurationIsVisible = 0;
			defaultConfigurationName = Release;
		};
/* End XCConfigurationList section */
	};
	rootObject = 326212EE2B9214F300182B75 /* Project object */;
}
